
Microsoft Visual Studio Solution File, Format Version 12.00
# Visual Studio Version 17
VisualStudioVersion = 17.6.33723.286
MinimumVisualStudioVersion = 10.0.40219.1
Project("{FAE04EC0-301F-11D3-BF4B-00C04F79EFBC}") = "Pyramid Repeat Number Pattern", "Pyramid Repeat Number Pattern.csproj", "{F8832486-2C7B-427B-B58E-5F1F96B0889E}"
EndProject
Global
	GlobalSection(SolutionConfigurationPlatforms) = preSolution
		Debug|Any CPU = Debug|Any CPU
		Release|Any CPU = Release|Any CPU
	EndGlobalSection
	GlobalSection(ProjectConfigurationPlatforms) = postSolution
		{F8832486-2C7B-427B-B58E-5F1F96B0889E}.Debug|Any CPU.ActiveCfg = Debug|Any CPU
		{F8832486-2C7B-427B-B58E-5F1F96B0889E}.Debug|Any CPU.Build.0 = Debug|Any CPU
		{F8832486-2C7B-427B-B58E-5F1F96B0889E}.Release|Any CPU.ActiveCfg = Release|Any CPU
		{F8832486-2C7B-427B-B58E-5F1F96B0889E}.Release|Any CPU.Build.0 = Release|Any CPU
	EndGlobalSection
	GlobalSection(SolutionProperties) = preSolution
		HideSolutionNode = FALSE
	EndGlobalSection
	GlobalSection(ExtensibilityGlobals) = postSolution
		SolutionGuid = {D177AFEB-8796-4B00-B4B2-511025D6637A}
	EndGlobalSection
EndGlobal
