
Microsoft Visual Studio Solution File, Format Version 12.00
# Visual Studio Version 17
VisualStudioVersion = 17.6.33723.286
MinimumVisualStudioVersion = 10.0.40219.1
Project("{FAE04EC0-301F-11D3-BF4B-00C04F79EFBC}") = "Pyramid Alphabet Pattern (Asc)", "Pyramid Alphabet Pattern (Asc).csproj", "{A3E7440E-06B5-4FF3-9836-7FD44068F22B}"
EndProject
Global
	GlobalSection(SolutionConfigurationPlatforms) = preSolution
		Debug|Any CPU = Debug|Any CPU
		Release|Any CPU = Release|Any CPU
	EndGlobalSection
	GlobalSection(ProjectConfigurationPlatforms) = postSolution
		{A3E7440E-06B5-4FF3-9836-7FD44068F22B}.Debug|Any CPU.ActiveCfg = Debug|Any CPU
		{A3E7440E-06B5-4FF3-9836-7FD44068F22B}.Debug|Any CPU.Build.0 = Debug|Any CPU
		{A3E7440E-06B5-4FF3-9836-7FD44068F22B}.Release|Any CPU.ActiveCfg = Release|Any CPU
		{A3E7440E-06B5-4FF3-9836-7FD44068F22B}.Release|Any CPU.Build.0 = Release|Any CPU
	EndGlobalSection
	GlobalSection(SolutionProperties) = preSolution
		HideSolutionNode = FALSE
	EndGlobalSection
	GlobalSection(ExtensibilityGlobals) = postSolution
		SolutionGuid = {DF86150D-F09D-40C3-8B68-F46FE08B2BDB}
	EndGlobalSection
EndGlobal
