
Microsoft Visual Studio Solution File, Format Version 12.00
# Visual Studio Version 17
VisualStudioVersion = 17.6.33723.286
MinimumVisualStudioVersion = 10.0.40219.1
Project("{FAE04EC0-301F-11D3-BF4B-00C04F79EFBC}") = "Check Character", "Check Character.csproj", "{9BB35C4E-9F2A-4DA0-B5D2-B36FF0DBC987}"
EndProject
Global
	GlobalSection(SolutionConfigurationPlatforms) = preSolution
		Debug|Any CPU = Debug|Any CPU
		Release|Any CPU = Release|Any CPU
	EndGlobalSection
	GlobalSection(ProjectConfigurationPlatforms) = postSolution
		{9BB35C4E-9F2A-4DA0-B5D2-B36FF0DBC987}.Debug|Any CPU.ActiveCfg = Debug|Any CPU
		{9BB35C4E-9F2A-4DA0-B5D2-B36FF0DBC987}.Debug|Any CPU.Build.0 = Debug|Any CPU
		{9BB35C4E-9F2A-4DA0-B5D2-B36FF0DBC987}.Release|Any CPU.ActiveCfg = Release|Any CPU
		{9BB35C4E-9F2A-4DA0-B5D2-B36FF0DBC987}.Release|Any CPU.Build.0 = Release|Any CPU
	EndGlobalSection
	GlobalSection(SolutionProperties) = preSolution
		HideSolutionNode = FALSE
	EndGlobalSection
	GlobalSection(ExtensibilityGlobals) = postSolution
		SolutionGuid = {D06D6712-9D7B-4886-AFCF-DA97525ECAC1}
	EndGlobalSection
EndGlobal
