
Microsoft Visual Studio Solution File, Format Version 12.00
# Visual Studio Version 17
VisualStudioVersion = 17.6.33723.286
MinimumVisualStudioVersion = 10.0.40219.1
Project("{FAE04EC0-301F-11D3-BF4B-00C04F79EFBC}") = "Number Swap", "Number Swap.csproj", "{FFD8E70C-FD7E-4200-9E21-54F832AD6784}"
EndProject
Global
	GlobalSection(SolutionConfigurationPlatforms) = preSolution
		Debug|Any CPU = Debug|Any CPU
		Release|Any CPU = Release|Any CPU
	EndGlobalSection
	GlobalSection(ProjectConfigurationPlatforms) = postSolution
		{FFD8E70C-FD7E-4200-9E21-54F832AD6784}.Debug|Any CPU.ActiveCfg = Debug|Any CPU
		{FFD8E70C-FD7E-4200-9E21-54F832AD6784}.Debug|Any CPU.Build.0 = Debug|Any CPU
		{FFD8E70C-FD7E-4200-9E21-54F832AD6784}.Release|Any CPU.ActiveCfg = Release|Any CPU
		{FFD8E70C-FD7E-4200-9E21-54F832AD6784}.Release|Any CPU.Build.0 = Release|Any CPU
	EndGlobalSection
	GlobalSection(SolutionProperties) = preSolution
		HideSolutionNode = FALSE
	EndGlobalSection
	GlobalSection(ExtensibilityGlobals) = postSolution
		SolutionGuid = {0A7992D3-3677-4AF8-998A-E5E613B9C44D}
	EndGlobalSection
EndGlobal
