
Microsoft Visual Studio Solution File, Format Version 12.00
# Visual Studio Version 17
VisualStudioVersion = 17.6.33723.286
MinimumVisualStudioVersion = 10.0.40219.1
Project("{FAE04EC0-301F-11D3-BF4B-00C04F79EFBC}") = "Pyramid Repeat Alphabet Pattern", "Pyramid Repeat Alphabet Pattern.csproj", "{66D3E7B6-46B2-4766-84D5-227763437095}"
EndProject
Global
	GlobalSection(SolutionConfigurationPlatforms) = preSolution
		Debug|Any CPU = Debug|Any CPU
		Release|Any CPU = Release|Any CPU
	EndGlobalSection
	GlobalSection(ProjectConfigurationPlatforms) = postSolution
		{66D3E7B6-46B2-4766-84D5-227763437095}.Debug|Any CPU.ActiveCfg = Debug|Any CPU
		{66D3E7B6-46B2-4766-84D5-227763437095}.Debug|Any CPU.Build.0 = Debug|Any CPU
		{66D3E7B6-46B2-4766-84D5-227763437095}.Release|Any CPU.ActiveCfg = Release|Any CPU
		{66D3E7B6-46B2-4766-84D5-227763437095}.Release|Any CPU.Build.0 = Release|Any CPU
	EndGlobalSection
	GlobalSection(SolutionProperties) = preSolution
		HideSolutionNode = FALSE
	EndGlobalSection
	GlobalSection(ExtensibilityGlobals) = postSolution
		SolutionGuid = {47D10DAC-8BC4-4FBA-8A66-01F081F7FDF0}
	EndGlobalSection
EndGlobal
