
Microsoft Visual Studio Solution File, Format Version 12.00
# Visual Studio Version 17
VisualStudioVersion = 17.6.33723.286
MinimumVisualStudioVersion = 10.0.40219.1
Project("{FAE04EC0-301F-11D3-BF4B-00C04F79EFBC}") = "Positive Negative", "Positive Negative.csproj", "{3A5FAB60-0991-407A-A42B-CD2A6A7B6243}"
EndProject
Global
	GlobalSection(SolutionConfigurationPlatforms) = preSolution
		Debug|Any CPU = Debug|Any CPU
		Release|Any CPU = Release|Any CPU
	EndGlobalSection
	GlobalSection(ProjectConfigurationPlatforms) = postSolution
		{3A5FAB60-0991-407A-A42B-CD2A6A7B6243}.Debug|Any CPU.ActiveCfg = Debug|Any CPU
		{3A5FAB60-0991-407A-A42B-CD2A6A7B6243}.Debug|Any CPU.Build.0 = Debug|Any CPU
		{3A5FAB60-0991-407A-A42B-CD2A6A7B6243}.Release|Any CPU.ActiveCfg = Release|Any CPU
		{3A5FAB60-0991-407A-A42B-CD2A6A7B6243}.Release|Any CPU.Build.0 = Release|Any CPU
	EndGlobalSection
	GlobalSection(SolutionProperties) = preSolution
		HideSolutionNode = FALSE
	EndGlobalSection
	GlobalSection(ExtensibilityGlobals) = postSolution
		SolutionGuid = {F6E7EFA5-CECA-43AD-B9D7-AE782C0403E2}
	EndGlobalSection
EndGlobal
