
Microsoft Visual Studio Solution File, Format Version 12.00
# Visual Studio Version 17
VisualStudioVersion = 17.6.33723.286
MinimumVisualStudioVersion = 10.0.40219.1
Project("{FAE04EC0-301F-11D3-BF4B-00C04F79EFBC}") = "Right Triangle Repeat Alphabet Pattern", "Right Triangle Repeat Alphabet Pattern.csproj", "{B98440E0-FF79-48B6-807D-119AD0C029D7}"
EndProject
Global
	GlobalSection(SolutionConfigurationPlatforms) = preSolution
		Debug|Any CPU = Debug|Any CPU
		Release|Any CPU = Release|Any CPU
	EndGlobalSection
	GlobalSection(ProjectConfigurationPlatforms) = postSolution
		{B98440E0-FF79-48B6-807D-119AD0C029D7}.Debug|Any CPU.ActiveCfg = Debug|Any CPU
		{B98440E0-FF79-48B6-807D-119AD0C029D7}.Debug|Any CPU.Build.0 = Debug|Any CPU
		{B98440E0-FF79-48B6-807D-119AD0C029D7}.Release|Any CPU.ActiveCfg = Release|Any CPU
		{B98440E0-FF79-48B6-807D-119AD0C029D7}.Release|Any CPU.Build.0 = Release|Any CPU
	EndGlobalSection
	GlobalSection(SolutionProperties) = preSolution
		HideSolutionNode = FALSE
	EndGlobalSection
	GlobalSection(ExtensibilityGlobals) = postSolution
		SolutionGuid = {201FB04E-4849-41E5-8800-0AA1F2B90469}
	EndGlobalSection
EndGlobal
