
Microsoft Visual Studio Solution File, Format Version 12.00
# Visual Studio Version 17
VisualStudioVersion = 17.6.33723.286
MinimumVisualStudioVersion = 10.0.40219.1
Project("{FAE04EC0-301F-11D3-BF4B-00C04F79EFBC}") = "Factorial of a Number", "Factorial of a Number.csproj", "{403EBA7C-C9F6-452D-84DE-290BAA2FEE0D}"
EndProject
Global
	GlobalSection(SolutionConfigurationPlatforms) = preSolution
		Debug|Any CPU = Debug|Any CPU
		Release|Any CPU = Release|Any CPU
	EndGlobalSection
	GlobalSection(ProjectConfigurationPlatforms) = postSolution
		{403EBA7C-C9F6-452D-84DE-290BAA2FEE0D}.Debug|Any CPU.ActiveCfg = Debug|Any CPU
		{403EBA7C-C9F6-452D-84DE-290BAA2FEE0D}.Debug|Any CPU.Build.0 = Debug|Any CPU
		{403EBA7C-C9F6-452D-84DE-290BAA2FEE0D}.Release|Any CPU.ActiveCfg = Release|Any CPU
		{403EBA7C-C9F6-452D-84DE-290BAA2FEE0D}.Release|Any CPU.Build.0 = Release|Any CPU
	EndGlobalSection
	GlobalSection(SolutionProperties) = preSolution
		HideSolutionNode = FALSE
	EndGlobalSection
	GlobalSection(ExtensibilityGlobals) = postSolution
		SolutionGuid = {31227141-B023-4EA3-8FD5-273DAED4C4F7}
	EndGlobalSection
EndGlobal
