
Microsoft Visual Studio Solution File, Format Version 12.00
# Visual Studio Version 17
VisualStudioVersion = 17.6.33723.286
MinimumVisualStudioVersion = 10.0.40219.1
Project("{FAE04EC0-301F-11D3-BF4B-00C04F79EFBC}") = "Right Triangle Alphabetic Pattern", "Right Triangle Alphabetic Pattern.csproj", "{C1A8D1E0-767F-4DC0-9ED0-94ABE60CECDC}"
EndProject
Global
	GlobalSection(SolutionConfigurationPlatforms) = preSolution
		Debug|Any CPU = Debug|Any CPU
		Release|Any CPU = Release|Any CPU
	EndGlobalSection
	GlobalSection(ProjectConfigurationPlatforms) = postSolution
		{C1A8D1E0-767F-4DC0-9ED0-94ABE60CECDC}.Debug|Any CPU.ActiveCfg = Debug|Any CPU
		{C1A8D1E0-767F-4DC0-9ED0-94ABE60CECDC}.Debug|Any CPU.Build.0 = Debug|Any CPU
		{C1A8D1E0-767F-4DC0-9ED0-94ABE60CECDC}.Release|Any CPU.ActiveCfg = Release|Any CPU
		{C1A8D1E0-767F-4DC0-9ED0-94ABE60CECDC}.Release|Any CPU.Build.0 = Release|Any CPU
	EndGlobalSection
	GlobalSection(SolutionProperties) = preSolution
		HideSolutionNode = FALSE
	EndGlobalSection
	GlobalSection(ExtensibilityGlobals) = postSolution
		SolutionGuid = {2E93B108-8297-4E8D-8DE7-C73C16E7AFE8}
	EndGlobalSection
EndGlobal
